
Microsoft Visual Studio Solution File, Format Version 12.00
# Visual Studio Version 17
VisualStudioVersion = 17.7.34202.233
MinimumVisualStudioVersion = 10.0.40219.1
Project("{FAE04EC0-301F-11D3-BF4B-00C04F79EFBC}") = "TransparencyBug", "TransparencyBug\TransparencyBug.csproj", "{EEFAF822-5454-4E6A-8754-0A8D018C0227}"
EndProject
Global
	GlobalSection(SolutionConfigurationPlatforms) = preSolution
		Debug|Any CPU = Debug|Any CPU
		Release|Any CPU = Release|Any CPU
	EndGlobalSection
	GlobalSection(ProjectConfigurationPlatforms) = postSolution
		{EEFAF822-5454-4E6A-8754-0A8D018C0227}.Debug|Any CPU.ActiveCfg = Debug|Any CPU
		{EEFAF822-5454-4E6A-8754-0A8D018C0227}.Debug|Any CPU.Build.0 = Debug|Any CPU
		{EEFAF822-5454-4E6A-8754-0A8D018C0227}.Debug|Any CPU.Deploy.0 = Debug|Any CPU
		{EEFAF822-5454-4E6A-8754-0A8D018C0227}.Release|Any CPU.ActiveCfg = Release|Any CPU
		{EEFAF822-5454-4E6A-8754-0A8D018C0227}.Release|Any CPU.Build.0 = Release|Any CPU
		{EEFAF822-5454-4E6A-8754-0A8D018C0227}.Release|Any CPU.Deploy.0 = Release|Any CPU
	EndGlobalSection
	GlobalSection(SolutionProperties) = preSolution
		HideSolutionNode = FALSE
	EndGlobalSection
	GlobalSection(ExtensibilityGlobals) = postSolution
		SolutionGuid = {5D7C2C27-1BB0-48BB-BAB7-5841DBBDE1DE}
	EndGlobalSection
EndGlobal
